# This file is automatically @generated by Poetry 1.4.0 and should not be changed by hand.

[[package]]
name = "kkpyutil"
version = "0.115.2"
description = "zero-dependency utility functions and classes"
category = "main"
optional = false
python-versions = ">=3.9,<4.0"
files = [
    {file = "kkpyutil-0.115.2-py3-none-any.whl", hash = "sha256:4355934d8cfd60dfce046b1f5fa66aaa16ed18b699cd243f457a61b15b5e2417"},
    {file = "kkpyutil-0.115.2.tar.gz", hash = "sha256:2c395fc49ccc589c6c6ea2c9a2ba40d5a1af392f65fe2af596f0d453dbf829ef"},
]

[metadata]
lock-version = "2.0"
python-versions = "^3.9"
content-hash = "c51c817ad73a9d8e42cb4fd43de7c06e0aa0f29e03662af7870d34c47c0148db"
